// !$*UTF8*$!
{
	archiveVersion = 1;
	classes = {
	};
	objectVersion = 48;
	objects = {

/* Begin PBXBuildFile section */
		61C11F6CF1ED523D80397FF4 /* libPods-scrollTest.a in Frameworks */ = {isa = PBXBuildFile; fileRef = B443EA663787F503C3EEF242 /* libPods-scrollTest.a */; };
		D30DD3312002CC8000FA33C7 /* Globals.swift in Sources */ = {isa = PBXBuildFile; fileRef = D30DD3302002CC8000FA33C7 /* Globals.swift */; };
		D30DD3332002E41E00FA33C7 /* CountryTableViewCell.swift in Sources */ = {isa = PBXBuildFile; fileRef = D30DD3322002E41E00FA33C7 /* CountryTableViewCell.swift */; };
		D3311EF7200AAACD00180CB6 /* DatePickerView.swift in Sources */ = {isa = PBXBuildFile; fileRef = D3311EF6200AAACD00180CB6 /* DatePickerView.swift */; };
		D350D0ED200196930008D44B /* MapViewController.swift in Sources */ = {isa = PBXBuildFile; fileRef = D350D0EC200196930008D44B /* MapViewController.swift */; };
		D350D0EF2001C8160008D44B /* Country.swift in Sources */ = {isa = PBXBuildFile; fileRef = D350D0EE2001C8160008D44B /* Country.swift */; };
		D350D0F12001DAC80008D44B /* EditCountryTableViewController.swift in Sources */ = {isa = PBXBuildFile; fileRef = D350D0F02001DAC80008D44B /* EditCountryTableViewController.swift */; };
		D350D0F52001F3F50008D44B /* UIImage+resizing.swift in Sources */ = {isa = PBXBuildFile; fileRef = D350D0F42001F3F50008D44B /* UIImage+resizing.swift */; };
		D350D0F72002C0A40008D44B /* CountryTableViewController.swift in Sources */ = {isa = PBXBuildFile; fileRef = D350D0F62002C0A40008D44B /* CountryTableViewController.swift */; };
		D36A6FAD1FF9CC02008AAD89 /* AppDelegate.swift in Sources */ = {isa = PBXBuildFile; fileRef = D36A6FAC1FF9CC02008AAD89 /* AppDelegate.swift */; };
		D36A6FAF1FF9CC02008AAD89 /* PlaceViewController.swift in Sources */ = {isa = PBXBuildFile; fileRef = D36A6FAE1FF9CC02008AAD89 /* PlaceViewController.swift */; };
		D36A6FB21FF9CC02008AAD89 /* Main.storyboard in Resources */ = {isa = PBXBuildFile; fileRef = D36A6FB01FF9CC02008AAD89 /* Main.storyboard */; };
		D36A6FB41FF9CC02008AAD89 /* Assets.xcassets in Resources */ = {isa = PBXBuildFile; fileRef = D36A6FB31FF9CC02008AAD89 /* Assets.xcassets */; };
		D36A6FB71FF9CC02008AAD89 /* LaunchScreen.storyboard in Resources */ = {isa = PBXBuildFile; fileRef = D36A6FB51FF9CC02008AAD89 /* LaunchScreen.storyboard */; };
		D36A6FC21FF9CC02008AAD89 /* scrollTestTests.swift in Sources */ = {isa = PBXBuildFile; fileRef = D36A6FC11FF9CC02008AAD89 /* scrollTestTests.swift */; };
		D36A6FCD1FFA3093008AAD89 /* BucketlistToggleControl.swift in Sources */ = {isa = PBXBuildFile; fileRef = D36A6FCC1FFA3093008AAD89 /* BucketlistToggleControl.swift */; };
		D36A6FCF1FFB17FC008AAD89 /* VisitedToggleControl.swift in Sources */ = {isa = PBXBuildFile; fileRef = D36A6FCE1FFB17FC008AAD89 /* VisitedToggleControl.swift */; };
		D36A6FD11FFB1F27008AAD89 /* Place.swift in Sources */ = {isa = PBXBuildFile; fileRef = D36A6FD01FFB1F27008AAD89 /* Place.swift */; };
		D36A6FD31FFB249A008AAD89 /* PlaceTableViewCell.swift in Sources */ = {isa = PBXBuildFile; fileRef = D36A6FD21FFB249A008AAD89 /* PlaceTableViewCell.swift */; };
		D36A6FD51FFB40E3008AAD89 /* PlaceTableViewController.swift in Sources */ = {isa = PBXBuildFile; fileRef = D36A6FD41FFB40E3008AAD89 /* PlaceTableViewController.swift */; };
		D39113092002F15D001FC873 /* EditCountryTableViewCell.swift in Sources */ = {isa = PBXBuildFile; fileRef = D39113082002F15D001FC873 /* EditCountryTableViewCell.swift */; };
		D3BBF52620048B8E00236EA1 /* GMapViewController.swift in Sources */ = {isa = PBXBuildFile; fileRef = D3BBF52520048B8E00236EA1 /* GMapViewController.swift */; };
		D3BBF58220059E7E00236EA1 /* CustomSegmentedControl.swift in Sources */ = {isa = PBXBuildFile; fileRef = D3BBF58120059E7E00236EA1 /* CustomSegmentedControl.swift */; };
		D3BBF5862005C43200236EA1 /* AddEditPlaceViewController.swift in Sources */ = {isa = PBXBuildFile; fileRef = D3BBF5852005C43200236EA1 /* AddEditPlaceViewController.swift */; };
/* End PBXBuildFile section */

/* Begin PBXContainerItemProxy section */
		D36A6FBE1FF9CC02008AAD89 /* PBXContainerItemProxy */ = {
			isa = PBXContainerItemProxy;
			containerPortal = D36A6FA11FF9CC02008AAD89 /* Project object */;
			proxyType = 1;
			remoteGlobalIDString = D36A6FA81FF9CC02008AAD89;
			remoteInfo = scrollTest;
		};
/* End PBXContainerItemProxy section */

/* Begin PBXFileReference section */
		52EAA17691AF04CBACF6A448 /* Pods-scrollTest.debug.xcconfig */ = {isa = PBXFileReference; includeInIndex = 1; lastKnownFileType = text.xcconfig; name = "Pods-scrollTest.debug.xcconfig"; path = "Pods/Target Support Files/Pods-scrollTest/Pods-scrollTest.debug.xcconfig"; sourceTree = "<group>"; };
		B443EA663787F503C3EEF242 /* libPods-scrollTest.a */ = {isa = PBXFileReference; explicitFileType = archive.ar; includeInIndex = 0; path = "libPods-scrollTest.a"; sourceTree = BUILT_PRODUCTS_DIR; };
		CE6F21C09213F90721702E6D /* Pods-scrollTest.release.xcconfig */ = {isa = PBXFileReference; includeInIndex = 1; lastKnownFileType = text.xcconfig; name = "Pods-scrollTest.release.xcconfig"; path = "Pods/Target Support Files/Pods-scrollTest/Pods-scrollTest.release.xcconfig"; sourceTree = "<group>"; };
		D30DD3302002CC8000FA33C7 /* Globals.swift */ = {isa = PBXFileReference; lastKnownFileType = sourcecode.swift; path = Globals.swift; sourceTree = "<group>"; };
		D30DD3322002E41E00FA33C7 /* CountryTableViewCell.swift */ = {isa = PBXFileReference; lastKnownFileType = sourcecode.swift; path = CountryTableViewCell.swift; sourceTree = "<group>"; };
		D3311EF6200AAACD00180CB6 /* DatePickerView.swift */ = {isa = PBXFileReference; lastKnownFileType = sourcecode.swift; path = DatePickerView.swift; sourceTree = "<group>"; };
		D350D0EC200196930008D44B /* MapViewController.swift */ = {isa = PBXFileReference; lastKnownFileType = sourcecode.swift; path = MapViewController.swift; sourceTree = "<group>"; };
		D350D0EE2001C8160008D44B /* Country.swift */ = {isa = PBXFileReference; lastKnownFileType = sourcecode.swift; path = Country.swift; sourceTree = "<group>"; };
		D350D0F02001DAC80008D44B /* EditCountryTableViewController.swift */ = {isa = PBXFileReference; lastKnownFileType = sourcecode.swift; path = EditCountryTableViewController.swift; sourceTree = "<group>"; };
		D350D0F42001F3F50008D44B /* UIImage+resizing.swift */ = {isa = PBXFileReference; lastKnownFileType = sourcecode.swift; path = "UIImage+resizing.swift"; sourceTree = "<group>"; };
		D350D0F62002C0A40008D44B /* CountryTableViewController.swift */ = {isa = PBXFileReference; lastKnownFileType = sourcecode.swift; path = CountryTableViewController.swift; sourceTree = "<group>"; };
		D36A6FA91FF9CC02008AAD89 /* scrollTest.app */ = {isa = PBXFileReference; explicitFileType = wrapper.application; includeInIndex = 0; path = scrollTest.app; sourceTree = BUILT_PRODUCTS_DIR; };
		D36A6FAC1FF9CC02008AAD89 /* AppDelegate.swift */ = {isa = PBXFileReference; lastKnownFileType = sourcecode.swift; path = AppDelegate.swift; sourceTree = "<group>"; };
		D36A6FAE1FF9CC02008AAD89 /* PlaceViewController.swift */ = {isa = PBXFileReference; lastKnownFileType = sourcecode.swift; path = PlaceViewController.swift; sourceTree = "<group>"; };
		D36A6FB11FF9CC02008AAD89 /* Base */ = {isa = PBXFileReference; lastKnownFileType = file.storyboard; name = Base; path = Base.lproj/Main.storyboard; sourceTree = "<group>"; };
		D36A6FB31FF9CC02008AAD89 /* Assets.xcassets */ = {isa = PBXFileReference; lastKnownFileType = folder.assetcatalog; path = Assets.xcassets; sourceTree = "<group>"; };
		D36A6FB61FF9CC02008AAD89 /* Base */ = {isa = PBXFileReference; lastKnownFileType = file.storyboard; name = Base; path = Base.lproj/LaunchScreen.storyboard; sourceTree = "<group>"; };
		D36A6FB81FF9CC02008AAD89 /* Info.plist */ = {isa = PBXFileReference; lastKnownFileType = text.plist.xml; path = Info.plist; sourceTree = "<group>"; };
		D36A6FBD1FF9CC02008AAD89 /* scrollTestTests.xctest */ = {isa = PBXFileReference; explicitFileType = wrapper.cfbundle; includeInIndex = 0; path = scrollTestTests.xctest; sourceTree = BUILT_PRODUCTS_DIR; };
		D36A6FC11FF9CC02008AAD89 /* scrollTestTests.swift */ = {isa = PBXFileReference; lastKnownFileType = sourcecode.swift; path = scrollTestTests.swift; sourceTree = "<group>"; };
		D36A6FC31FF9CC02008AAD89 /* Info.plist */ = {isa = PBXFileReference; lastKnownFileType = text.plist.xml; path = Info.plist; sourceTree = "<group>"; };
		D36A6FCC1FFA3093008AAD89 /* BucketlistToggleControl.swift */ = {isa = PBXFileReference; lastKnownFileType = sourcecode.swift; path = BucketlistToggleControl.swift; sourceTree = "<group>"; };
		D36A6FCE1FFB17FC008AAD89 /* VisitedToggleControl.swift */ = {isa = PBXFileReference; lastKnownFileType = sourcecode.swift; path = VisitedToggleControl.swift; sourceTree = "<group>"; };
		D36A6FD01FFB1F27008AAD89 /* Place.swift */ = {isa = PBXFileReference; lastKnownFileType = sourcecode.swift; path = Place.swift; sourceTree = "<group>"; };
		D36A6FD21FFB249A008AAD89 /* PlaceTableViewCell.swift */ = {isa = PBXFileReference; lastKnownFileType = sourcecode.swift; path = PlaceTableViewCell.swift; sourceTree = "<group>"; };
		D36A6FD41FFB40E3008AAD89 /* PlaceTableViewController.swift */ = {isa = PBXFileReference; lastKnownFileType = sourcecode.swift; path = PlaceTableViewController.swift; sourceTree = "<group>"; };
		D39113082002F15D001FC873 /* EditCountryTableViewCell.swift */ = {isa = PBXFileReference; lastKnownFileType = sourcecode.swift; path = EditCountryTableViewCell.swift; sourceTree = "<group>"; };
		D3BBF52520048B8E00236EA1 /* GMapViewController.swift */ = {isa = PBXFileReference; fileEncoding = 4; lastKnownFileType = sourcecode.swift; name = GMapViewController.swift; path = ../../.Trash/GMapViewController.swift; sourceTree = "<group>"; };
		D3BBF58120059E7E00236EA1 /* CustomSegmentedControl.swift */ = {isa = PBXFileReference; lastKnownFileType = sourcecode.swift; path = CustomSegmentedControl.swift; sourceTree = "<group>"; };
		D3BBF5852005C43200236EA1 /* AddEditPlaceViewController.swift */ = {isa = PBXFileReference; lastKnownFileType = sourcecode.swift; path = AddEditPlaceViewController.swift; sourceTree = "<group>"; };
/* End PBXFileReference section */

/* Begin PBXFrameworksBuildPhase section */
		D36A6FA61FF9CC02008AAD89 /* Frameworks */ = {
			isa = PBXFrameworksBuildPhase;
			buildActionMask = 2147483647;
			files = (
				61C11F6CF1ED523D80397FF4 /* libPods-scrollTest.a in Frameworks */,
			);
			runOnlyForDeploymentPostprocessing = 0;
		};
		D36A6FBA1FF9CC02008AAD89 /* Frameworks */ = {
			isa = PBXFrameworksBuildPhase;
			buildActionMask = 2147483647;
			files = (
			);
			runOnlyForDeploymentPostprocessing = 0;
		};
/* End PBXFrameworksBuildPhase section */

/* Begin PBXGroup section */
		12CDB5D35ACD535AB546255D /* Frameworks */ = {
			isa = PBXGroup;
			children = (
				B443EA663787F503C3EEF242 /* libPods-scrollTest.a */,
			);
			name = Frameworks;
			sourceTree = "<group>";
		};
		5920F5CC56E76206653E65DB /* Pods */ = {
			isa = PBXGroup;
			children = (
				52EAA17691AF04CBACF6A448 /* Pods-scrollTest.debug.xcconfig */,
				CE6F21C09213F90721702E6D /* Pods-scrollTest.release.xcconfig */,
			);
			name = Pods;
			sourceTree = "<group>";
		};
		D36A6FA01FF9CC02008AAD89 = {
			isa = PBXGroup;
			children = (
				D36A6FAB1FF9CC02008AAD89 /* scrollTest */,
				D36A6FC01FF9CC02008AAD89 /* scrollTestTests */,
				D36A6FAA1FF9CC02008AAD89 /* Products */,
				5920F5CC56E76206653E65DB /* Pods */,
				12CDB5D35ACD535AB546255D /* Frameworks */,
			);
			sourceTree = "<group>";
		};
		D36A6FAA1FF9CC02008AAD89 /* Products */ = {
			isa = PBXGroup;
			children = (
				D36A6FA91FF9CC02008AAD89 /* scrollTest.app */,
				D36A6FBD1FF9CC02008AAD89 /* scrollTestTests.xctest */,
			);
			name = Products;
			sourceTree = "<group>";
		};
		D36A6FAB1FF9CC02008AAD89 /* scrollTest */ = {
			isa = PBXGroup;
			children = (
				D36A6FAC1FF9CC02008AAD89 /* AppDelegate.swift */,
				D30DD3302002CC8000FA33C7 /* Globals.swift */,
				D36A6FCC1FFA3093008AAD89 /* BucketlistToggleControl.swift */,
				D36A6FCE1FFB17FC008AAD89 /* VisitedToggleControl.swift */,
				D36A6FD01FFB1F27008AAD89 /* Place.swift */,
				D3BBF5852005C43200236EA1 /* AddEditPlaceViewController.swift */,
				D36A6FAE1FF9CC02008AAD89 /* PlaceViewController.swift */,
				D36A6FD21FFB249A008AAD89 /* PlaceTableViewCell.swift */,
				D36A6FD41FFB40E3008AAD89 /* PlaceTableViewController.swift */,
				D3BBF52520048B8E00236EA1 /* GMapViewController.swift */,
				D350D0EC200196930008D44B /* MapViewController.swift */,
				D350D0EE2001C8160008D44B /* Country.swift */,
				D30DD3322002E41E00FA33C7 /* CountryTableViewCell.swift */,
				D350D0F62002C0A40008D44B /* CountryTableViewController.swift */,
				D39113082002F15D001FC873 /* EditCountryTableViewCell.swift */,
				D350D0F02001DAC80008D44B /* EditCountryTableViewController.swift */,
				D350D0F42001F3F50008D44B /* UIImage+resizing.swift */,
				D3BBF58120059E7E00236EA1 /* CustomSegmentedControl.swift */,
				D3311EF6200AAACD00180CB6 /* DatePickerView.swift */,
				D36A6FB01FF9CC02008AAD89 /* Main.storyboard */,
				D36A6FB31FF9CC02008AAD89 /* Assets.xcassets */,
				D36A6FB51FF9CC02008AAD89 /* LaunchScreen.storyboard */,
				D36A6FB81FF9CC02008AAD89 /* Info.plist */,
			);
			path = scrollTest;
			sourceTree = "<group>";
		};
		D36A6FC01FF9CC02008AAD89 /* scrollTestTests */ = {
			isa = PBXGroup;
			children = (
				D36A6FC11FF9CC02008AAD89 /* scrollTestTests.swift */,
				D36A6FC31FF9CC02008AAD89 /* Info.plist */,
			);
			path = scrollTestTests;
			sourceTree = "<group>";
		};
/* End PBXGroup section */

/* Begin PBXNativeTarget section */
		D36A6FA81FF9CC02008AAD89 /* scrollTest */ = {
			isa = PBXNativeTarget;
			buildConfigurationList = D36A6FC61FF9CC02008AAD89 /* Build configuration list for PBXNativeTarget "scrollTest" */;
			buildPhases = (
				845B7D8D4D0B3AFF78A7A90D /* [CP] Check Pods Manifest.lock */,
				D36A6FA51FF9CC02008AAD89 /* Sources */,
				D36A6FA61FF9CC02008AAD89 /* Frameworks */,
				D36A6FA71FF9CC02008AAD89 /* Resources */,
				EB363727329FA6D0C7EF2E80 /* [CP] Embed Pods Frameworks */,
				3C8061DA8DA9A14617CA1FDE /* [CP] Copy Pods Resources */,
			);
			buildRules = (
			);
			dependencies = (
			);
			name = scrollTest;
			productName = scrollTest;
			productReference = D36A6FA91FF9CC02008AAD89 /* scrollTest.app */;
			productType = "com.apple.product-type.application";
		};
		D36A6FBC1FF9CC02008AAD89 /* scrollTestTests */ = {
			isa = PBXNativeTarget;
			buildConfigurationList = D36A6FC91FF9CC02008AAD89 /* Build configuration list for PBXNativeTarget "scrollTestTests" */;
			buildPhases = (
				D36A6FB91FF9CC02008AAD89 /* Sources */,
				D36A6FBA1FF9CC02008AAD89 /* Frameworks */,
				D36A6FBB1FF9CC02008AAD89 /* Resources */,
			);
			buildRules = (
			);
			dependencies = (
				D36A6FBF1FF9CC02008AAD89 /* PBXTargetDependency */,
			);
			name = scrollTestTests;
			productName = scrollTestTests;
			productReference = D36A6FBD1FF9CC02008AAD89 /* scrollTestTests.xctest */;
			productType = "com.apple.product-type.bundle.unit-test";
		};
/* End PBXNativeTarget section */

/* Begin PBXProject section */
		D36A6FA11FF9CC02008AAD89 /* Project object */ = {
			isa = PBXProject;
			attributes = {
				LastSwiftUpdateCheck = 0920;
				LastUpgradeCheck = 0920;
				ORGANIZATIONNAME = "Brian Carothers";
				TargetAttributes = {
					D36A6FA81FF9CC02008AAD89 = {
						CreatedOnToolsVersion = 9.2;
						ProvisioningStyle = Automatic;
					};
					D36A6FBC1FF9CC02008AAD89 = {
						CreatedOnToolsVersion = 9.2;
						ProvisioningStyle = Automatic;
						TestTargetID = D36A6FA81FF9CC02008AAD89;
					};
				};
			};
			buildConfigurationList = D36A6FA41FF9CC02008AAD89 /* Build configuration list for PBXProject "scrollTest" */;
			compatibilityVersion = "Xcode 8.0";
			developmentRegion = en;
			hasScannedForEncodings = 0;
			knownRegions = (
				en,
				Base,
			);
			mainGroup = D36A6FA01FF9CC02008AAD89;
			productRefGroup = D36A6FAA1FF9CC02008AAD89 /* Products */;
			projectDirPath = "";
			projectRoot = "";
			targets = (
				D36A6FA81FF9CC02008AAD89 /* scrollTest */,
				D36A6FBC1FF9CC02008AAD89 /* scrollTestTests */,
			);
		};
/* End PBXProject section */

/* Begin PBXResourcesBuildPhase section */
		D36A6FA71FF9CC02008AAD89 /* Resources */ = {
			isa = PBXResourcesBuildPhase;
			buildActionMask = 2147483647;
			files = (
				D36A6FB71FF9CC02008AAD89 /* LaunchScreen.storyboard in Resources */,
				D36A6FB41FF9CC02008AAD89 /* Assets.xcassets in Resources */,
				D36A6FB21FF9CC02008AAD89 /* Main.storyboard in Resources */,
			);
			runOnlyForDeploymentPostprocessing = 0;
		};
		D36A6FBB1FF9CC02008AAD89 /* Resources */ = {
			isa = PBXResourcesBuildPhase;
			buildActionMask = 2147483647;
			files = (
			);
			runOnlyForDeploymentPostprocessing = 0;
		};
/* End PBXResourcesBuildPhase section */

/* Begin PBXShellScriptBuildPhase section */
		3C8061DA8DA9A14617CA1FDE /* [CP] Copy Pods Resources */ = {
			isa = PBXShellScriptBuildPhase;
			buildActionMask = 2147483647;
			files = (
			);
			inputPaths = (
				"${SRCROOT}/Pods/Target Support Files/Pods-scrollTest/Pods-scrollTest-resources.sh",
				"${PODS_ROOT}/GoogleMaps/Maps/Frameworks/GoogleMaps.framework/Resources/GoogleMaps.bundle",
				"${PODS_ROOT}/GooglePlaces/Frameworks/GooglePlaces.framework/Resources/GooglePlaces.bundle",
			);
			name = "[CP] Copy Pods Resources";
			outputPaths = (
				"${TARGET_BUILD_DIR}/${UNLOCALIZED_RESOURCES_FOLDER_PATH}",
			);
			runOnlyForDeploymentPostprocessing = 0;
			shellPath = /bin/sh;
			shellScript = "\"${SRCROOT}/Pods/Target Support Files/Pods-scrollTest/Pods-scrollTest-resources.sh\"\n";
			showEnvVarsInLog = 0;
		};
		845B7D8D4D0B3AFF78A7A90D /* [CP] Check Pods Manifest.lock */ = {
			isa = PBXShellScriptBuildPhase;
			buildActionMask = 2147483647;
			files = (
			);
			inputPaths = (
				"${PODS_PODFILE_DIR_PATH}/Podfile.lock",
				"${PODS_ROOT}/Manifest.lock",
			);
			name = "[CP] Check Pods Manifest.lock";
			outputPaths = (
				"$(DERIVED_FILE_DIR)/Pods-scrollTest-checkManifestLockResult.txt",
			);
			runOnlyForDeploymentPostprocessing = 0;
			shellPath = /bin/sh;
			shellScript = "diff \"${PODS_PODFILE_DIR_PATH}/Podfile.lock\" \"${PODS_ROOT}/Manifest.lock\" > /dev/null\nif [ $? != 0 ] ; then\n    # print error to STDERR\n    echo \"error: The sandbox is not in sync with the Podfile.lock. Run 'pod install' or update your CocoaPods installation.\" >&2\n    exit 1\nfi\n# This output is used by Xcode 'outputs' to avoid re-running this script phase.\necho \"SUCCESS\" > \"${SCRIPT_OUTPUT_FILE_0}\"\n";
			showEnvVarsInLog = 0;
		};
		EB363727329FA6D0C7EF2E80 /* [CP] Embed Pods Frameworks */ = {
			isa = PBXShellScriptBuildPhase;
			buildActionMask = 2147483647;
			files = (
			);
			inputPaths = (
				"${SRCROOT}/Pods/Target Support Files/Pods-scrollTest/Pods-scrollTest-frameworks.sh",
				"${PODS_ROOT}/Mapbox-iOS-SDK/dynamic/Mapbox.framework",
				"${PODS_ROOT}/Mapbox-iOS-SDK/dynamic/Mapbox.framework.dSYM",
			);
			name = "[CP] Embed Pods Frameworks";
			outputPaths = (
				"${TARGET_BUILD_DIR}/${FRAMEWORKS_FOLDER_PATH}/Mapbox.framework",
				"${DWARF_DSYM_FOLDER_PATH}/Mapbox.framework.dSYM",
			);
			runOnlyForDeploymentPostprocessing = 0;
			shellPath = /bin/sh;
			shellScript = "\"${SRCROOT}/Pods/Target Support Files/Pods-scrollTest/Pods-scrollTest-frameworks.sh\"\n";
			showEnvVarsInLog = 0;
		};
/* End PBXShellScriptBuildPhase section */

/* Begin PBXSourcesBuildPhase section */
		D36A6FA51FF9CC02008AAD89 /* Sources */ = {
			isa = PBXSourcesBuildPhase;
			buildActionMask = 2147483647;
			files = (
				D350D0F12001DAC80008D44B /* EditCountryTableViewController.swift in Sources */,
				D36A6FCF1FFB17FC008AAD89 /* VisitedToggleControl.swift in Sources */,
				D350D0EF2001C8160008D44B /* Country.swift in Sources */,
				D350D0F72002C0A40008D44B /* CountryTableViewController.swift in Sources */,
				D3BBF52620048B8E00236EA1 /* GMapViewController.swift in Sources */,
				D350D0F52001F3F50008D44B /* UIImage+resizing.swift in Sources */,
				D36A6FD51FFB40E3008AAD89 /* PlaceTableViewController.swift in Sources */,
				D36A6FAF1FF9CC02008AAD89 /* PlaceViewController.swift in Sources */,
				D36A6FAD1FF9CC02008AAD89 /* AppDelegate.swift in Sources */,
				D3BBF58220059E7E00236EA1 /* CustomSegmentedControl.swift in Sources */,
				D30DD3332002E41E00FA33C7 /* CountryTableViewCell.swift in Sources */,
				D36A6FCD1FFA3093008AAD89 /* BucketlistToggleControl.swift in Sources */,
				D39113092002F15D001FC873 /* EditCountryTableViewCell.swift in Sources */,
				D36A6FD11FFB1F27008AAD89 /* Place.swift in Sources */,
				D36A6FD31FFB249A008AAD89 /* PlaceTableViewCell.swift in Sources */,
				D30DD3312002CC8000FA33C7 /* Globals.swift in Sources */,
				D3BBF5862005C43200236EA1 /* AddEditPlaceViewController.swift in Sources */,
				D3311EF7200AAACD00180CB6 /* DatePickerView.swift in Sources */,
				D350D0ED200196930008D44B /* MapViewController.swift in Sources */,
			);
			runOnlyForDeploymentPostprocessing = 0;
		};
		D36A6FB91FF9CC02008AAD89 /* Sources */ = {
			isa = PBXSourcesBuildPhase;
			buildActionMask = 2147483647;
			files = (
				D36A6FC21FF9CC02008AAD89 /* scrollTestTests.swift in Sources */,
			);
			runOnlyForDeploymentPostprocessing = 0;
		};
/* End PBXSourcesBuildPhase section */

/* Begin PBXTargetDependency section */
		D36A6FBF1FF9CC02008AAD89 /* PBXTargetDependency */ = {
			isa = PBXTargetDependency;
			target = D36A6FA81FF9CC02008AAD89 /* scrollTest */;
			targetProxy = D36A6FBE1FF9CC02008AAD89 /* PBXContainerItemProxy */;
		};
/* End PBXTargetDependency section */

/* Begin PBXVariantGroup section */
		D36A6FB01FF9CC02008AAD89 /* Main.storyboard */ = {
			isa = PBXVariantGroup;
			children = (
				D36A6FB11FF9CC02008AAD89 /* Base */,
			);
			name = Main.storyboard;
			sourceTree = "<group>";
		};
		D36A6FB51FF9CC02008AAD89 /* LaunchScreen.storyboard */ = {
			isa = PBXVariantGroup;
			children = (
				D36A6FB61FF9CC02008AAD89 /* Base */,
			);
			name = LaunchScreen.storyboard;
			sourceTree = "<group>";
		};
/* End PBXVariantGroup section */

/* Begin XCBuildConfiguration section */
		D36A6FC41FF9CC02008AAD89 /* Debug */ = {
			isa = XCBuildConfiguration;
			buildSettings = {
				ALWAYS_SEARCH_USER_PATHS = NO;
				CLANG_ANALYZER_NONNULL = YES;
				CLANG_ANALYZER_NUMBER_OBJECT_CONVERSION = YES_AGGRESSIVE;
				CLANG_CXX_LANGUAGE_STANDARD = "gnu++14";
				CLANG_CXX_LIBRARY = "libc++";
				CLANG_ENABLE_MODULES = YES;
				CLANG_ENABLE_OBJC_ARC = YES;
				CLANG_WARN_BLOCK_CAPTURE_AUTORELEASING = YES;
				CLANG_WARN_BOOL_CONVERSION = YES;
				CLANG_WARN_COMMA = YES;
				CLANG_WARN_CONSTANT_CONVERSION = YES;
				CLANG_WARN_DIRECT_OBJC_ISA_USAGE = YES_ERROR;
				CLANG_WARN_DOCUMENTATION_COMMENTS = YES;
				CLANG_WARN_EMPTY_BODY = YES;
				CLANG_WARN_ENUM_CONVERSION = YES;
				CLANG_WARN_INFINITE_RECURSION = YES;
				CLANG_WARN_INT_CONVERSION = YES;
				CLANG_WARN_NON_LITERAL_NULL_CONVERSION = YES;
				CLANG_WARN_OBJC_LITERAL_CONVERSION = YES;
				CLANG_WARN_OBJC_ROOT_CLASS = YES_ERROR;
				CLANG_WARN_RANGE_LOOP_ANALYSIS = YES;
				CLANG_WARN_STRICT_PROTOTYPES = YES;
				CLANG_WARN_SUSPICIOUS_MOVE = YES;
				CLANG_WARN_UNGUARDED_AVAILABILITY = YES_AGGRESSIVE;
				CLANG_WARN_UNREACHABLE_CODE = YES;
				CLANG_WARN__DUPLICATE_METHOD_MATCH = YES;
				CODE_SIGN_IDENTITY = "iPhone Developer";
				COPY_PHASE_STRIP = NO;
				DEBUG_INFORMATION_FORMAT = dwarf;
				ENABLE_STRICT_OBJC_MSGSEND = YES;
				ENABLE_TESTABILITY = YES;
				GCC_C_LANGUAGE_STANDARD = gnu11;
				GCC_DYNAMIC_NO_PIC = NO;
				GCC_NO_COMMON_BLOCKS = YES;
				GCC_OPTIMIZATION_LEVEL = 0;
				GCC_PREPROCESSOR_DEFINITIONS = (
					"DEBUG=1",
					"$(inherited)",
				);
				GCC_WARN_64_TO_32_BIT_CONVERSION = YES;
				GCC_WARN_ABOUT_RETURN_TYPE = YES_ERROR;
				GCC_WARN_UNDECLARED_SELECTOR = YES;
				GCC_WARN_UNINITIALIZED_AUTOS = YES_AGGRESSIVE;
				GCC_WARN_UNUSED_FUNCTION = YES;
				GCC_WARN_UNUSED_VARIABLE = YES;
				IPHONEOS_DEPLOYMENT_TARGET = 11.2;
				MTL_ENABLE_DEBUG_INFO = YES;
				ONLY_ACTIVE_ARCH = YES;
				SDKROOT = iphoneos;
				SWIFT_ACTIVE_COMPILATION_CONDITIONS = DEBUG;
				SWIFT_OPTIMIZATION_LEVEL = "-Onone";
			};
			name = Debug;
		};
		D36A6FC51FF9CC02008AAD89 /* Release */ = {
			isa = XCBuildConfiguration;
			buildSettings = {
				ALWAYS_SEARCH_USER_PATHS = NO;
				CLANG_ANALYZER_NONNULL = YES;
				CLANG_ANALYZER_NUMBER_OBJECT_CONVERSION = YES_AGGRESSIVE;
				CLANG_CXX_LANGUAGE_STANDARD = "gnu++14";
				CLANG_CXX_LIBRARY = "libc++";
				CLANG_ENABLE_MODULES = YES;
				CLANG_ENABLE_OBJC_ARC = YES;
				CLANG_WARN_BLOCK_CAPTURE_AUTORELEASING = YES;
				CLANG_WARN_BOOL_CONVERSION = YES;
				CLANG_WARN_COMMA = YES;
				CLANG_WARN_CONSTANT_CONVERSION = YES;
				CLANG_WARN_DIRECT_OBJC_ISA_USAGE = YES_ERROR;
				CLANG_WARN_DOCUMENTATION_COMMENTS = YES;
				CLANG_WARN_EMPTY_BODY = YES;
				CLANG_WARN_ENUM_CONVERSION = YES;
				CLANG_WARN_INFINITE_RECURSION = YES;
				CLANG_WARN_INT_CONVERSION = YES;
				CLANG_WARN_NON_LITERAL_NULL_CONVERSION = YES;
				CLANG_WARN_OBJC_LITERAL_CONVERSION = YES;
				CLANG_WARN_OBJC_ROOT_CLASS = YES_ERROR;
				CLANG_WARN_RANGE_LOOP_ANALYSIS = YES;
				CLANG_WARN_STRICT_PROTOTYPES = YES;
				CLANG_WARN_SUSPICIOUS_MOVE = YES;
				CLANG_WARN_UNGUARDED_AVAILABILITY = YES_AGGRESSIVE;
				CLANG_WARN_UNREACHABLE_CODE = YES;
				CLANG_WARN__DUPLICATE_METHOD_MATCH = YES;
				CODE_SIGN_IDENTITY = "iPhone Developer";
				COPY_PHASE_STRIP = NO;
				DEBUG_INFORMATION_FORMAT = "dwarf-with-dsym";
				ENABLE_NS_ASSERTIONS = NO;
				ENABLE_STRICT_OBJC_MSGSEND = YES;
				GCC_C_LANGUAGE_STANDARD = gnu11;
				GCC_NO_COMMON_BLOCKS = YES;
				GCC_WARN_64_TO_32_BIT_CONVERSION = YES;
				GCC_WARN_ABOUT_RETURN_TYPE = YES_ERROR;
				GCC_WARN_UNDECLARED_SELECTOR = YES;
				GCC_WARN_UNINITIALIZED_AUTOS = YES_AGGRESSIVE;
				GCC_WARN_UNUSED_FUNCTION = YES;
				GCC_WARN_UNUSED_VARIABLE = YES;
				IPHONEOS_DEPLOYMENT_TARGET = 11.2;
				MTL_ENABLE_DEBUG_INFO = NO;
				SDKROOT = iphoneos;
				SWIFT_OPTIMIZATION_LEVEL = "-Owholemodule";
				VALIDATE_PRODUCT = YES;
			};
			name = Release;
		};
		D36A6FC71FF9CC02008AAD89 /* Debug */ = {
			isa = XCBuildConfiguration;
			baseConfigurationReference = 52EAA17691AF04CBACF6A448 /* Pods-scrollTest.debug.xcconfig */;
			buildSettings = {
				ASSETCATALOG_COMPILER_APPICON_NAME = AppIcon;
				CODE_SIGN_STYLE = Automatic;
				INFOPLIST_FILE = scrollTest/Info.plist;
				LD_RUNPATH_SEARCH_PATHS = "$(inherited) @executable_path/Frameworks";
				PRODUCT_BUNDLE_IDENTIFIER = travellist.scrollTest;
				PRODUCT_NAME = "$(TARGET_NAME)";
				SWIFT_VERSION = 4.0;
				TARGETED_DEVICE_FAMILY = "1,2";
			};
			name = Debug;
		};
		D36A6FC81FF9CC02008AAD89 /* Release */ = {
			isa = XCBuildConfiguration;
			baseConfigurationReference = CE6F21C09213F90721702E6D /* Pods-scrollTest.release.xcconfig */;
			buildSettings = {
				ASSETCATALOG_COMPILER_APPICON_NAME = AppIcon;
				CODE_SIGN_STYLE = Automatic;
				INFOPLIST_FILE = scrollTest/Info.plist;
				LD_RUNPATH_SEARCH_PATHS = "$(inherited) @executable_path/Frameworks";
				PRODUCT_BUNDLE_IDENTIFIER = travellist.scrollTest;
				PRODUCT_NAME = "$(TARGET_NAME)";
				SWIFT_VERSION = 4.0;
				TARGETED_DEVICE_FAMILY = "1,2";
			};
			name = Release;
		};
		D36A6FCA1FF9CC02008AAD89 /* Debug */ = {
			isa = XCBuildConfiguration;
			buildSettings = {
				ALWAYS_EMBED_SWIFT_STANDARD_LIBRARIES = YES;
				BUNDLE_LOADER = "$(TEST_HOST)";
				CODE_SIGN_STYLE = Automatic;
				INFOPLIST_FILE = scrollTestTests/Info.plist;
				LD_RUNPATH_SEARCH_PATHS = "$(inherited) @executable_path/Frameworks @loader_path/Frameworks";
				PRODUCT_BUNDLE_IDENTIFIER = travellist.scrollTestTests;
				PRODUCT_NAME = "$(TARGET_NAME)";
				SWIFT_VERSION = 4.0;
				TARGETED_DEVICE_FAMILY = "1,2";
				TEST_HOST = "$(BUILT_PRODUCTS_DIR)/scrollTest.app/scrollTest";
			};
			name = Debug;
		};
		D36A6FCB1FF9CC02008AAD89 /* Release */ = {
			isa = XCBuildConfiguration;
			buildSettings = {
				ALWAYS_EMBED_SWIFT_STANDARD_LIBRARIES = YES;
				BUNDLE_LOADER = "$(TEST_HOST)";
				CODE_SIGN_STYLE = Automatic;
				INFOPLIST_FILE = scrollTestTests/Info.plist;
				LD_RUNPATH_SEARCH_PATHS = "$(inherited) @executable_path/Frameworks @loader_path/Frameworks";
				PRODUCT_BUNDLE_IDENTIFIER = travellist.scrollTestTests;
				PRODUCT_NAME = "$(TARGET_NAME)";
				SWIFT_VERSION = 4.0;
				TARGETED_DEVICE_FAMILY = "1,2";
				TEST_HOST = "$(BUILT_PRODUCTS_DIR)/scrollTest.app/scrollTest";
			};
			name = Release;
		};
/* End XCBuildConfiguration section */

/* Begin XCConfigurationList section */
		D36A6FA41FF9CC02008AAD89 /* Build configuration list for PBXProject "scrollTest" */ = {
			isa = XCConfigurationList;
			buildConfigurations = (
				D36A6FC41FF9CC02008AAD89 /* Debug */,
				D36A6FC51FF9CC02008AAD89 /* Release */,
			);
			defaultConfigurationIsVisible = 0;
			defaultConfigurationName = Release;
		};
		D36A6FC61FF9CC02008AAD89 /* Build configuration list for PBXNativeTarget "scrollTest" */ = {
			isa = XCConfigurationList;
			buildConfigurations = (
				D36A6FC71FF9CC02008AAD89 /* Debug */,
				D36A6FC81FF9CC02008AAD89 /* Release */,
			);
			defaultConfigurationIsVisible = 0;
			defaultConfigurationName = Release;
		};
		D36A6FC91FF9CC02008AAD89 /* Build configuration list for PBXNativeTarget "scrollTestTests" */ = {
			isa = XCConfigurationList;
			buildConfigurations = (
				D36A6FCA1FF9CC02008AAD89 /* Debug */,
				D36A6FCB1FF9CC02008AAD89 /* Release */,
			);
			defaultConfigurationIsVisible = 0;
			defaultConfigurationName = Release;
		};
/* End XCConfigurationList section */
	};
	rootObject = D36A6FA11FF9CC02008AAD89 /* Project object */;
}
